
Microsoft Visual Studio Solution File, Format Version 12.00
# Visual Studio 15
VisualStudioVersion = 15.0.27428.1
MinimumVisualStudioVersion = 10.0.40219.1
Project("{FAE04EC0-301F-11D3-BF4B-00C04F79EFBC}") = "RetailSuccess.GitHub", "RetailSuccess.GitHub\RetailSuccess.GitHub.csproj", "{C135118E-78C9-4EC6-8339-3D80C3412FFA}"
EndProject
Project("{FAE04EC0-301F-11D3-BF4B-00C04F79EFBC}") = "RetailSuccess.GitHubTest", "RetailSuccess.GitHubTest\RetailSuccess.GitHubTest.csproj", "{4E4A621B-6C62-4817-BCCB-C60BBF9F89E8}"
EndProject
Global
	GlobalSection(SolutionConfigurationPlatforms) = preSolution
		Debug|Any CPU = Debug|Any CPU
		Release|Any CPU = Release|Any CPU
	EndGlobalSection
	GlobalSection(ProjectConfigurationPlatforms) = postSolution
		{C135118E-78C9-4EC6-8339-3D80C3412FFA}.Debug|Any CPU.ActiveCfg = Debug|Any CPU
		{C135118E-78C9-4EC6-8339-3D80C3412FFA}.Debug|Any CPU.Build.0 = Debug|Any CPU
		{C135118E-78C9-4EC6-8339-3D80C3412FFA}.Release|Any CPU.ActiveCfg = Release|Any CPU
		{C135118E-78C9-4EC6-8339-3D80C3412FFA}.Release|Any CPU.Build.0 = Release|Any CPU
		{4E4A621B-6C62-4817-BCCB-C60BBF9F89E8}.Debug|Any CPU.ActiveCfg = Debug|Any CPU
		{4E4A621B-6C62-4817-BCCB-C60BBF9F89E8}.Debug|Any CPU.Build.0 = Debug|Any CPU
		{4E4A621B-6C62-4817-BCCB-C60BBF9F89E8}.Release|Any CPU.ActiveCfg = Release|Any CPU
		{4E4A621B-6C62-4817-BCCB-C60BBF9F89E8}.Release|Any CPU.Build.0 = Release|Any CPU
	EndGlobalSection
	GlobalSection(SolutionProperties) = preSolution
		HideSolutionNode = FALSE
	EndGlobalSection
	GlobalSection(ExtensibilityGlobals) = postSolution
		SolutionGuid = {CB807C45-9DA4-4D24-9BC7-4CA995206AA6}
	EndGlobalSection
EndGlobal
